
Microsoft Visual Studio Solution File, Format Version 12.00
# Visual Studio 15
VisualStudioVersion = 15.0.28307.1831
MinimumVisualStudioVersion = 10.0.40219.1
Project("{FAE04EC0-301F-11D3-BF4B-00C04F79EFBC}") = "ActorsRazorPages", "ActorsRazorPages\ActorsRazorPages.csproj", "{D381ECF9-AF8A-4AB3-A5B4-0A92C2DDC2B3}"
EndProject
Global
	GlobalSection(SolutionConfigurationPlatforms) = preSolution
		Debug|Any CPU = Debug|Any CPU
		Release|Any CPU = Release|Any CPU
	EndGlobalSection
	GlobalSection(ProjectConfigurationPlatforms) = postSolution
		{D381ECF9-AF8A-4AB3-A5B4-0A92C2DDC2B3}.Debug|Any CPU.ActiveCfg = Debug|Any CPU
		{D381ECF9-AF8A-4AB3-A5B4-0A92C2DDC2B3}.Debug|Any CPU.Build.0 = Debug|Any CPU
		{D381ECF9-AF8A-4AB3-A5B4-0A92C2DDC2B3}.Release|Any CPU.ActiveCfg = Release|Any CPU
		{D381ECF9-AF8A-4AB3-A5B4-0A92C2DDC2B3}.Release|Any CPU.Build.0 = Release|Any CPU
	EndGlobalSection
	GlobalSection(SolutionProperties) = preSolution
		HideSolutionNode = FALSE
	EndGlobalSection
	GlobalSection(ExtensibilityGlobals) = postSolution
		SolutionGuid = {31205FA3-B904-47DF-A56B-4C19D5DAE2B1}
	EndGlobalSection
EndGlobal
